
Microsoft Visual Studio Solution File, Format Version 12.00
# Visual Studio Version 17
VisualStudioVersion = 17.14.36518.9
MinimumVisualStudioVersion = 10.0.40219.1
Project("{8BC9CEB8-8B4A-11D0-8D11-00A0C91BC942}") = "week02_01_input_output", "week02_01_input_output\week02_01_input_output.vcxproj", "{603BF69C-0F9B-4655-A8EF-0127ECE114C2}"
EndProject
Project("{8BC9CEB8-8B4A-11D0-8D11-00A0C91BC942}") = "week02_02_if_else", "week02_02_if_else\week02_02_if_else.vcxproj", "{C0BE3A30-A6E0-4633-BD21-F6953A65EDA3}"
EndProject
Project("{8BC9CEB8-8B4A-11D0-8D11-00A0C91BC942}") = "week02_03_if_else2", "week02_03_if_else2\week02_03_if_else2.vcxproj", "{64932B3C-AE82-4FDB-B4D7-DFC6FAC2035F}"
EndProject
Project("{8BC9CEB8-8B4A-11D0-8D11-00A0C91BC942}") = "week02_04_if_else_if", "week02_04_if_else_if\week02_04_if_else_if.vcxproj", "{254B7CDD-E441-4D51-A398-65BAA4A503F5}"
EndProject
Project("{8BC9CEB8-8B4A-11D0-8D11-00A0C91BC942}") = "week02_05_time", "week02_05_time\week02_05_time.vcxproj", "{AAEA79B2-C27B-4FB5-8CD3-991A4C3A9744}"
EndProject
Project("{8BC9CEB8-8B4A-11D0-8D11-00A0C91BC942}") = "week03_01_switch_case", "week03_01_switch_case\week03_01_switch_case.vcxproj", "{6E979671-F002-4D7D-8A0A-BB9A083DD2AF}"
EndProject
Project("{8BC9CEB8-8B4A-11D0-8D11-00A0C91BC942}") = "week03_02_while", "week03_02_while\week03_02_while.vcxproj", "{0265359C-500B-445C-B249-97968C58D159}"
EndProject
Project("{8BC9CEB8-8B4A-11D0-8D11-00A0C91BC942}") = "week03_03_for", "week03_03_for\week03_03_for.vcxproj", "{200E3732-2D64-4489-AE6C-3FA84145A01C}"
EndProject
Project("{8BC9CEB8-8B4A-11D0-8D11-00A0C91BC942}") = "week03_04_while_for", "week03_04_while_for\week03_04_while_for.vcxproj", "{FA27EFB0-29B9-4424-B72B-61B8138B6044}"
EndProject
Project("{8BC9CEB8-8B4A-11D0-8D11-00A0C91BC942}") = "week03_05_while_for2", "week03_05_while_for2\week03_05_while_for2.vcxproj", "{F70D75B7-1A62-4CA3-A0F3-04E9F1954076}"
EndProject
Project("{8BC9CEB8-8B4A-11D0-8D11-00A0C91BC942}") = "week04_01_while", "week04_01_while\week04_01_while.vcxproj", "{A3DF2F91-6163-43D7-BF44-A875857FE393}"
EndProject
Project("{8BC9CEB8-8B4A-11D0-8D11-00A0C91BC942}") = "week04_02_for", "week04_02_for\week04_02_for.vcxproj", "{7A1B3CB7-4C05-43AD-82D8-6E34411F6C15}"
EndProject
Project("{8BC9CEB8-8B4A-11D0-8D11-00A0C91BC942}") = "week04_03_array", "week04_03_array\week04_03_array.vcxproj", "{AAE094AC-39A7-4277-B60F-A9362C6ECDD6}"
EndProject
Project("{8BC9CEB8-8B4A-11D0-8D11-00A0C91BC942}") = "week05_01_array2", "week05_01_array2\week05_01_array2.vcxproj", "{04A4BDD0-AC63-4FD0-96B6-CBE0D30594AB}"
EndProject
Project("{8BC9CEB8-8B4A-11D0-8D11-00A0C91BC942}") = "week05_02_array3", "week05_02_array3\week05_02_array3.vcxproj", "{2E83C100-6E56-47AC-AE41-9FAA888AD308}"
EndProject
Project("{8BC9CEB8-8B4A-11D0-8D11-00A0C91BC942}") = "week06_01_array3_2", "week06_01_array3_2\week06_01_array3_2.vcxproj", "{1F6C2E4A-B477-4D59-806C-4E67045D1805}"
EndProject
Project("{8BC9CEB8-8B4A-11D0-8D11-00A0C91BC942}") = "week06_02_array4", "week06_02_array4\week06_02_array4.vcxproj", "{2887F226-7D9E-4110-A006-1EA4CF05A468}"
EndProject
Project("{8BC9CEB8-8B4A-11D0-8D11-00A0C91BC942}") = "week07_01_array5", "week07_01_array5\week07_01_array5.vcxproj", "{3317D6CB-514B-48A6-8C60-836A15561E94}"
EndProject
Project("{8BC9CEB8-8B4A-11D0-8D11-00A0C91BC942}") = "week09_01_middle", "week09_01_middle\week09_01_middle.vcxproj", "{D2DC3033-A9F5-44D6-B475-3089FC591048}"
EndProject
Project("{8BC9CEB8-8B4A-11D0-8D11-00A0C91BC942}") = "week07_02_function", "week07_02_function\week07_02_function.vcxproj", "{527FC32B-539C-4844-89F4-6E5832D0DBDE}"
EndProject
Project("{8BC9CEB8-8B4A-11D0-8D11-00A0C91BC942}") = "week08_01_function2", "week08_01_function2\week08_01_function2.vcxproj", "{C6447394-F9F1-40CD-A0A2-F9260B36FE2B}"
EndProject
Project("{8BC9CEB8-8B4A-11D0-8D11-00A0C91BC942}") = "week08_03_function4", "week08_03_function4\week08_03_function4.vcxproj", "{F171A584-24D2-4CED-807B-75820077A418}"
EndProject
Project("{8BC9CEB8-8B4A-11D0-8D11-00A0C91BC942}") = "week08_02_function3", "week08_02_function3\week08_02_function3.vcxproj", "{C99C1891-0662-4D4C-A12B-54E7A5622B10}"
EndProject
Project("{8BC9CEB8-8B4A-11D0-8D11-00A0C91BC942}") = "week08_04_function5", "week08_04_function5\week08_04_function5.vcxproj", "{F3572F60-F569-44DA-8D16-17705CFC2395}"
EndProject
Project("{8BC9CEB8-8B4A-11D0-8D11-00A0C91BC942}") = "week10_01_class", "week10_01_class\week10_01_class.vcxproj", "{46AD644E-501A-4C44-A47D-349E2625C42F}"
EndProject
Project("{8BC9CEB8-8B4A-11D0-8D11-00A0C91BC942}") = "week10_02_class2", "week10_02_class2\week10_02_class2.vcxproj", "{FCABB422-5397-465F-80F5-7568874539B5}"
EndProject
Project("{8BC9CEB8-8B4A-11D0-8D11-00A0C91BC942}") = "week11_01_class3", "week11_01_class3\week11_01_class3.vcxproj", "{80C40E59-5F3D-432A-8F6D-63D14B2C5860}"
EndProject
Project("{8BC9CEB8-8B4A-11D0-8D11-00A0C91BC942}") = "Week11_02_Class4", "week11_02_class_destructor\week11_02_class_destructor.vcxproj", "{C1588EF2-AFB2-4C99-B662-AE1DA908BC42}"
EndProject
Project("{8BC9CEB8-8B4A-11D0-8D11-00A0C91BC942}") = "week12_01_class5", "week12_01_class5\week12_01_class5.vcxproj", "{FF544A2D-7582-4D46-B71B-BBD3205C4FA4}"
EndProject
Project("{8BC9CEB8-8B4A-11D0-8D11-00A0C91BC942}") = "week13_01_inheritance", "week13_01_inheritance\week13_01_inheritance.vcxproj", "{80907668-8BB3-429C-B117-043F7E9DB1D5}"
EndProject
Project("{8BC9CEB8-8B4A-11D0-8D11-00A0C91BC942}") = "extra_integer_array_new_delete", "extra_integer_array_new_delete\extra_integer_array_new_delete.vcxproj", "{CBEC424D-95EF-4D1A-8E84-1F4D8145C4AE}"
EndProject
Project("{8BC9CEB8-8B4A-11D0-8D11-00A0C91BC942}") = "extra_my_line_test", "extra_my_line_test\extra_my_line_test.vcxproj", "{E027E5CB-5241-427E-A3C9-B11F6EAC2781}"
EndProject
Project("{8BC9CEB8-8B4A-11D0-8D11-00A0C91BC942}") = "week15_abstract_class", "week15_abstract_class\week15_abstract_class.vcxproj", "{233DFF83-EE80-4D8D-AAFE-162F01905C48}"
EndProject
Global
	GlobalSection(SolutionConfigurationPlatforms) = preSolution
		Debug|x64 = Debug|x64
		Debug|x86 = Debug|x86
		Release|x64 = Release|x64
		Release|x86 = Release|x86
	EndGlobalSection
	GlobalSection(ProjectConfigurationPlatforms) = postSolution
		{603BF69C-0F9B-4655-A8EF-0127ECE114C2}.Debug|x64.ActiveCfg = Debug|x64
		{603BF69C-0F9B-4655-A8EF-0127ECE114C2}.Debug|x64.Build.0 = Debug|x64
		{603BF69C-0F9B-4655-A8EF-0127ECE114C2}.Debug|x86.ActiveCfg = Debug|Win32
		{603BF69C-0F9B-4655-A8EF-0127ECE114C2}.Debug|x86.Build.0 = Debug|Win32
		{603BF69C-0F9B-4655-A8EF-0127ECE114C2}.Release|x64.ActiveCfg = Release|x64
		{603BF69C-0F9B-4655-A8EF-0127ECE114C2}.Release|x64.Build.0 = Release|x64
		{603BF69C-0F9B-4655-A8EF-0127ECE114C2}.Release|x86.ActiveCfg = Release|Win32
		{603BF69C-0F9B-4655-A8EF-0127ECE114C2}.Release|x86.Build.0 = Release|Win32
		{C0BE3A30-A6E0-4633-BD21-F6953A65EDA3}.Debug|x64.ActiveCfg = Debug|x64
		{C0BE3A30-A6E0-4633-BD21-F6953A65EDA3}.Debug|x64.Build.0 = Debug|x64
		{C0BE3A30-A6E0-4633-BD21-F6953A65EDA3}.Debug|x86.ActiveCfg = Debug|Win32
		{C0BE3A30-A6E0-4633-BD21-F6953A65EDA3}.Debug|x86.Build.0 = Debug|Win32
		{C0BE3A30-A6E0-4633-BD21-F6953A65EDA3}.Release|x64.ActiveCfg = Release|x64
		{C0BE3A30-A6E0-4633-BD21-F6953A65EDA3}.Release|x64.Build.0 = Release|x64
		{C0BE3A30-A6E0-4633-BD21-F6953A65EDA3}.Release|x86.ActiveCfg = Release|Win32
		{C0BE3A30-A6E0-4633-BD21-F6953A65EDA3}.Release|x86.Build.0 = Release|Win32
		{64932B3C-AE82-4FDB-B4D7-DFC6FAC2035F}.Debug|x64.ActiveCfg = Debug|x64
		{64932B3C-AE82-4FDB-B4D7-DFC6FAC2035F}.Debug|x64.Build.0 = Debug|x64
		{64932B3C-AE82-4FDB-B4D7-DFC6FAC2035F}.Debug|x86.ActiveCfg = Debug|Win32
		{64932B3C-AE82-4FDB-B4D7-DFC6FAC2035F}.Debug|x86.Build.0 = Debug|Win32
		{64932B3C-AE82-4FDB-B4D7-DFC6FAC2035F}.Release|x64.ActiveCfg = Release|x64
		{64932B3C-AE82-4FDB-B4D7-DFC6FAC2035F}.Release|x64.Build.0 = Release|x64
		{64932B3C-AE82-4FDB-B4D7-DFC6FAC2035F}.Release|x86.ActiveCfg = Release|Win32
		{64932B3C-AE82-4FDB-B4D7-DFC6FAC2035F}.Release|x86.Build.0 = Release|Win32
		{254B7CDD-E441-4D51-A398-65BAA4A503F5}.Debug|x64.ActiveCfg = Debug|x64
		{254B7CDD-E441-4D51-A398-65BAA4A503F5}.Debug|x64.Build.0 = Debug|x64
		{254B7CDD-E441-4D51-A398-65BAA4A503F5}.Debug|x86.ActiveCfg = Debug|Win32
		{254B7CDD-E441-4D51-A398-65BAA4A503F5}.Debug|x86.Build.0 = Debug|Win32
		{254B7CDD-E441-4D51-A398-65BAA4A503F5}.Release|x64.ActiveCfg = Release|x64
		{254B7CDD-E441-4D51-A398-65BAA4A503F5}.Release|x64.Build.0 = Release|x64
		{254B7CDD-E441-4D51-A398-65BAA4A503F5}.Release|x86.ActiveCfg = Release|Win32
		{254B7CDD-E441-4D51-A398-65BAA4A503F5}.Release|x86.Build.0 = Release|Win32
		{AAEA79B2-C27B-4FB5-8CD3-991A4C3A9744}.Debug|x64.ActiveCfg = Debug|x64
		{AAEA79B2-C27B-4FB5-8CD3-991A4C3A9744}.Debug|x64.Build.0 = Debug|x64
		{AAEA79B2-C27B-4FB5-8CD3-991A4C3A9744}.Debug|x86.ActiveCfg = Debug|Win32
		{AAEA79B2-C27B-4FB5-8CD3-991A4C3A9744}.Debug|x86.Build.0 = Debug|Win32
		{AAEA79B2-C27B-4FB5-8CD3-991A4C3A9744}.Release|x64.ActiveCfg = Release|x64
		{AAEA79B2-C27B-4FB5-8CD3-991A4C3A9744}.Release|x64.Build.0 = Release|x64
		{AAEA79B2-C27B-4FB5-8CD3-991A4C3A9744}.Release|x86.ActiveCfg = Release|Win32
		{AAEA79B2-C27B-4FB5-8CD3-991A4C3A9744}.Release|x86.Build.0 = Release|Win32
		{6E979671-F002-4D7D-8A0A-BB9A083DD2AF}.Debug|x64.ActiveCfg = Debug|x64
		{6E979671-F002-4D7D-8A0A-BB9A083DD2AF}.Debug|x64.Build.0 = Debug|x64
		{6E979671-F002-4D7D-8A0A-BB9A083DD2AF}.Debug|x86.ActiveCfg = Debug|Win32
		{6E979671-F002-4D7D-8A0A-BB9A083DD2AF}.Debug|x86.Build.0 = Debug|Win32
		{6E979671-F002-4D7D-8A0A-BB9A083DD2AF}.Release|x64.ActiveCfg = Release|x64
		{6E979671-F002-4D7D-8A0A-BB9A083DD2AF}.Release|x64.Build.0 = Release|x64
		{6E979671-F002-4D7D-8A0A-BB9A083DD2AF}.Release|x86.ActiveCfg = Release|Win32
		{6E979671-F002-4D7D-8A0A-BB9A083DD2AF}.Release|x86.Build.0 = Release|Win32
		{0265359C-500B-445C-B249-97968C58D159}.Debug|x64.ActiveCfg = Debug|x64
		{0265359C-500B-445C-B249-97968C58D159}.Debug|x64.Build.0 = Debug|x64
		{0265359C-500B-445C-B249-97968C58D159}.Debug|x86.ActiveCfg = Debug|Win32
		{0265359C-500B-445C-B249-97968C58D159}.Debug|x86.Build.0 = Debug|Win32
		{0265359C-500B-445C-B249-97968C58D159}.Release|x64.ActiveCfg = Release|x64
		{0265359C-500B-445C-B249-97968C58D159}.Release|x64.Build.0 = Release|x64
		{0265359C-500B-445C-B249-97968C58D159}.Release|x86.ActiveCfg = Release|Win32
		{0265359C-500B-445C-B249-97968C58D159}.Release|x86.Build.0 = Release|Win32
		{200E3732-2D64-4489-AE6C-3FA84145A01C}.Debug|x64.ActiveCfg = Debug|x64
		{200E3732-2D64-4489-AE6C-3FA84145A01C}.Debug|x64.Build.0 = Debug|x64
		{200E3732-2D64-4489-AE6C-3FA84145A01C}.Debug|x86.ActiveCfg = Debug|Win32
		{200E3732-2D64-4489-AE6C-3FA84145A01C}.Debug|x86.Build.0 = Debug|Win32
		{200E3732-2D64-4489-AE6C-3FA84145A01C}.Release|x64.ActiveCfg = Release|x64
		{200E3732-2D64-4489-AE6C-3FA84145A01C}.Release|x64.Build.0 = Release|x64
		{200E3732-2D64-4489-AE6C-3FA84145A01C}.Release|x86.ActiveCfg = Release|Win32
		{200E3732-2D64-4489-AE6C-3FA84145A01C}.Release|x86.Build.0 = Release|Win32
		{FA27EFB0-29B9-4424-B72B-61B8138B6044}.Debug|x64.ActiveCfg = Debug|x64
		{FA27EFB0-29B9-4424-B72B-61B8138B6044}.Debug|x64.Build.0 = Debug|x64
		{FA27EFB0-29B9-4424-B72B-61B8138B6044}.Debug|x86.ActiveCfg = Debug|Win32
		{FA27EFB0-29B9-4424-B72B-61B8138B6044}.Debug|x86.Build.0 = Debug|Win32
		{FA27EFB0-29B9-4424-B72B-61B8138B6044}.Release|x64.ActiveCfg = Release|x64
		{FA27EFB0-29B9-4424-B72B-61B8138B6044}.Release|x64.Build.0 = Release|x64
		{FA27EFB0-29B9-4424-B72B-61B8138B6044}.Release|x86.ActiveCfg = Release|Win32
		{FA27EFB0-29B9-4424-B72B-61B8138B6044}.Release|x86.Build.0 = Release|Win32
		{F70D75B7-1A62-4CA3-A0F3-04E9F1954076}.Debug|x64.ActiveCfg = Debug|x64
		{F70D75B7-1A62-4CA3-A0F3-04E9F1954076}.Debug|x64.Build.0 = Debug|x64
		{F70D75B7-1A62-4CA3-A0F3-04E9F1954076}.Debug|x86.ActiveCfg = Debug|Win32
		{F70D75B7-1A62-4CA3-A0F3-04E9F1954076}.Debug|x86.Build.0 = Debug|Win32
		{F70D75B7-1A62-4CA3-A0F3-04E9F1954076}.Release|x64.ActiveCfg = Release|x64
		{F70D75B7-1A62-4CA3-A0F3-04E9F1954076}.Release|x64.Build.0 = Release|x64
		{F70D75B7-1A62-4CA3-A0F3-04E9F1954076}.Release|x86.ActiveCfg = Release|Win32
		{F70D75B7-1A62-4CA3-A0F3-04E9F1954076}.Release|x86.Build.0 = Release|Win32
		{A3DF2F91-6163-43D7-BF44-A875857FE393}.Debug|x64.ActiveCfg = Debug|x64
		{A3DF2F91-6163-43D7-BF44-A875857FE393}.Debug|x64.Build.0 = Debug|x64
		{A3DF2F91-6163-43D7-BF44-A875857FE393}.Debug|x86.ActiveCfg = Debug|Win32
		{A3DF2F91-6163-43D7-BF44-A875857FE393}.Debug|x86.Build.0 = Debug|Win32
		{A3DF2F91-6163-43D7-BF44-A875857FE393}.Release|x64.ActiveCfg = Release|x64
		{A3DF2F91-6163-43D7-BF44-A875857FE393}.Release|x64.Build.0 = Release|x64
		{A3DF2F91-6163-43D7-BF44-A875857FE393}.Release|x86.ActiveCfg = Release|Win32
		{A3DF2F91-6163-43D7-BF44-A875857FE393}.Release|x86.Build.0 = Release|Win32
		{7A1B3CB7-4C05-43AD-82D8-6E34411F6C15}.Debug|x64.ActiveCfg = Debug|x64
		{7A1B3CB7-4C05-43AD-82D8-6E34411F6C15}.Debug|x64.Build.0 = Debug|x64
		{7A1B3CB7-4C05-43AD-82D8-6E34411F6C15}.Debug|x86.ActiveCfg = Debug|Win32
		{7A1B3CB7-4C05-43AD-82D8-6E34411F6C15}.Debug|x86.Build.0 = Debug|Win32
		{7A1B3CB7-4C05-43AD-82D8-6E34411F6C15}.Release|x64.ActiveCfg = Release|x64
		{7A1B3CB7-4C05-43AD-82D8-6E34411F6C15}.Release|x64.Build.0 = Release|x64
		{7A1B3CB7-4C05-43AD-82D8-6E34411F6C15}.Release|x86.ActiveCfg = Release|Win32
		{7A1B3CB7-4C05-43AD-82D8-6E34411F6C15}.Release|x86.Build.0 = Release|Win32
		{AAE094AC-39A7-4277-B60F-A9362C6ECDD6}.Debug|x64.ActiveCfg = Debug|x64
		{AAE094AC-39A7-4277-B60F-A9362C6ECDD6}.Debug|x64.Build.0 = Debug|x64
		{AAE094AC-39A7-4277-B60F-A9362C6ECDD6}.Debug|x86.ActiveCfg = Debug|Win32
		{AAE094AC-39A7-4277-B60F-A9362C6ECDD6}.Debug|x86.Build.0 = Debug|Win32
		{AAE094AC-39A7-4277-B60F-A9362C6ECDD6}.Release|x64.ActiveCfg = Release|x64
		{AAE094AC-39A7-4277-B60F-A9362C6ECDD6}.Release|x64.Build.0 = Release|x64
		{AAE094AC-39A7-4277-B60F-A9362C6ECDD6}.Release|x86.ActiveCfg = Release|Win32
		{AAE094AC-39A7-4277-B60F-A9362C6ECDD6}.Release|x86.Build.0 = Release|Win32
		{04A4BDD0-AC63-4FD0-96B6-CBE0D30594AB}.Debug|x64.ActiveCfg = Debug|x64
		{04A4BDD0-AC63-4FD0-96B6-CBE0D30594AB}.Debug|x64.Build.0 = Debug|x64
		{04A4BDD0-AC63-4FD0-96B6-CBE0D30594AB}.Debug|x86.ActiveCfg = Debug|Win32
		{04A4BDD0-AC63-4FD0-96B6-CBE0D30594AB}.Debug|x86.Build.0 = Debug|Win32
		{04A4BDD0-AC63-4FD0-96B6-CBE0D30594AB}.Release|x64.ActiveCfg = Release|x64
		{04A4BDD0-AC63-4FD0-96B6-CBE0D30594AB}.Release|x64.Build.0 = Release|x64
		{04A4BDD0-AC63-4FD0-96B6-CBE0D30594AB}.Release|x86.ActiveCfg = Release|Win32
		{04A4BDD0-AC63-4FD0-96B6-CBE0D30594AB}.Release|x86.Build.0 = Release|Win32
		{2E83C100-6E56-47AC-AE41-9FAA888AD308}.Debug|x64.ActiveCfg = Debug|x64
		{2E83C100-6E56-47AC-AE41-9FAA888AD308}.Debug|x64.Build.0 = Debug|x64
		{2E83C100-6E56-47AC-AE41-9FAA888AD308}.Debug|x86.ActiveCfg = Debug|Win32
		{2E83C100-6E56-47AC-AE41-9FAA888AD308}.Debug|x86.Build.0 = Debug|Win32
		{2E83C100-6E56-47AC-AE41-9FAA888AD308}.Release|x64.ActiveCfg = Release|x64
		{2E83C100-6E56-47AC-AE41-9FAA888AD308}.Release|x64.Build.0 = Release|x64
		{2E83C100-6E56-47AC-AE41-9FAA888AD308}.Release|x86.ActiveCfg = Release|Win32
		{2E83C100-6E56-47AC-AE41-9FAA888AD308}.Release|x86.Build.0 = Release|Win32
		{1F6C2E4A-B477-4D59-806C-4E67045D1805}.Debug|x64.ActiveCfg = Debug|x64
		{1F6C2E4A-B477-4D59-806C-4E67045D1805}.Debug|x64.Build.0 = Debug|x64
		{1F6C2E4A-B477-4D59-806C-4E67045D1805}.Debug|x86.ActiveCfg = Debug|Win32
		{1F6C2E4A-B477-4D59-806C-4E67045D1805}.Debug|x86.Build.0 = Debug|Win32
		{1F6C2E4A-B477-4D59-806C-4E67045D1805}.Release|x64.ActiveCfg = Release|x64
		{1F6C2E4A-B477-4D59-806C-4E67045D1805}.Release|x64.Build.0 = Release|x64
		{1F6C2E4A-B477-4D59-806C-4E67045D1805}.Release|x86.ActiveCfg = Release|Win32
		{1F6C2E4A-B477-4D59-806C-4E67045D1805}.Release|x86.Build.0 = Release|Win32
		{2887F226-7D9E-4110-A006-1EA4CF05A468}.Debug|x64.ActiveCfg = Debug|x64
		{2887F226-7D9E-4110-A006-1EA4CF05A468}.Debug|x64.Build.0 = Debug|x64
		{2887F226-7D9E-4110-A006-1EA4CF05A468}.Debug|x86.ActiveCfg = Debug|Win32
		{2887F226-7D9E-4110-A006-1EA4CF05A468}.Debug|x86.Build.0 = Debug|Win32
		{2887F226-7D9E-4110-A006-1EA4CF05A468}.Release|x64.ActiveCfg = Release|x64
		{2887F226-7D9E-4110-A006-1EA4CF05A468}.Release|x64.Build.0 = Release|x64
		{2887F226-7D9E-4110-A006-1EA4CF05A468}.Release|x86.ActiveCfg = Release|Win32
		{2887F226-7D9E-4110-A006-1EA4CF05A468}.Release|x86.Build.0 = Release|Win32
		{3317D6CB-514B-48A6-8C60-836A15561E94}.Debug|x64.ActiveCfg = Debug|x64
		{3317D6CB-514B-48A6-8C60-836A15561E94}.Debug|x64.Build.0 = Debug|x64
		{3317D6CB-514B-48A6-8C60-836A15561E94}.Debug|x86.ActiveCfg = Debug|Win32
		{3317D6CB-514B-48A6-8C60-836A15561E94}.Debug|x86.Build.0 = Debug|Win32
		{3317D6CB-514B-48A6-8C60-836A15561E94}.Release|x64.ActiveCfg = Release|x64
		{3317D6CB-514B-48A6-8C60-836A15561E94}.Release|x64.Build.0 = Release|x64
		{3317D6CB-514B-48A6-8C60-836A15561E94}.Release|x86.ActiveCfg = Release|Win32
		{3317D6CB-514B-48A6-8C60-836A15561E94}.Release|x86.Build.0 = Release|Win32
		{D2DC3033-A9F5-44D6-B475-3089FC591048}.Debug|x64.ActiveCfg = Debug|x64
		{D2DC3033-A9F5-44D6-B475-3089FC591048}.Debug|x64.Build.0 = Debug|x64
		{D2DC3033-A9F5-44D6-B475-3089FC591048}.Debug|x86.ActiveCfg = Debug|Win32
		{D2DC3033-A9F5-44D6-B475-3089FC591048}.Debug|x86.Build.0 = Debug|Win32
		{D2DC3033-A9F5-44D6-B475-3089FC591048}.Release|x64.ActiveCfg = Release|x64
		{D2DC3033-A9F5-44D6-B475-3089FC591048}.Release|x64.Build.0 = Release|x64
		{D2DC3033-A9F5-44D6-B475-3089FC591048}.Release|x86.ActiveCfg = Release|Win32
		{D2DC3033-A9F5-44D6-B475-3089FC591048}.Release|x86.Build.0 = Release|Win32
		{527FC32B-539C-4844-89F4-6E5832D0DBDE}.Debug|x64.ActiveCfg = Debug|x64
		{527FC32B-539C-4844-89F4-6E5832D0DBDE}.Debug|x64.Build.0 = Debug|x64
		{527FC32B-539C-4844-89F4-6E5832D0DBDE}.Debug|x86.ActiveCfg = Debug|Win32
		{527FC32B-539C-4844-89F4-6E5832D0DBDE}.Debug|x86.Build.0 = Debug|Win32
		{527FC32B-539C-4844-89F4-6E5832D0DBDE}.Release|x64.ActiveCfg = Release|x64
		{527FC32B-539C-4844-89F4-6E5832D0DBDE}.Release|x64.Build.0 = Release|x64
		{527FC32B-539C-4844-89F4-6E5832D0DBDE}.Release|x86.ActiveCfg = Release|Win32
		{527FC32B-539C-4844-89F4-6E5832D0DBDE}.Release|x86.Build.0 = Release|Win32
		{C6447394-F9F1-40CD-A0A2-F9260B36FE2B}.Debug|x64.ActiveCfg = Debug|x64
		{C6447394-F9F1-40CD-A0A2-F9260B36FE2B}.Debug|x64.Build.0 = Debug|x64
		{C6447394-F9F1-40CD-A0A2-F9260B36FE2B}.Debug|x86.ActiveCfg = Debug|Win32
		{C6447394-F9F1-40CD-A0A2-F9260B36FE2B}.Debug|x86.Build.0 = Debug|Win32
		{C6447394-F9F1-40CD-A0A2-F9260B36FE2B}.Release|x64.ActiveCfg = Release|x64
		{C6447394-F9F1-40CD-A0A2-F9260B36FE2B}.Release|x64.Build.0 = Release|x64
		{C6447394-F9F1-40CD-A0A2-F9260B36FE2B}.Release|x86.ActiveCfg = Release|Win32
		{C6447394-F9F1-40CD-A0A2-F9260B36FE2B}.Release|x86.Build.0 = Release|Win32
		{F171A584-24D2-4CED-807B-75820077A418}.Debug|x64.ActiveCfg = Debug|x64
		{F171A584-24D2-4CED-807B-75820077A418}.Debug|x64.Build.0 = Debug|x64
		{F171A584-24D2-4CED-807B-75820077A418}.Debug|x86.ActiveCfg = Debug|Win32
		{F171A584-24D2-4CED-807B-75820077A418}.Debug|x86.Build.0 = Debug|Win32
		{F171A584-24D2-4CED-807B-75820077A418}.Release|x64.ActiveCfg = Release|x64
		{F171A584-24D2-4CED-807B-75820077A418}.Release|x64.Build.0 = Release|x64
		{F171A584-24D2-4CED-807B-75820077A418}.Release|x86.ActiveCfg = Release|Win32
		{F171A584-24D2-4CED-807B-75820077A418}.Release|x86.Build.0 = Release|Win32
		{C99C1891-0662-4D4C-A12B-54E7A5622B10}.Debug|x64.ActiveCfg = Debug|x64
		{C99C1891-0662-4D4C-A12B-54E7A5622B10}.Debug|x64.Build.0 = Debug|x64
		{C99C1891-0662-4D4C-A12B-54E7A5622B10}.Debug|x86.ActiveCfg = Debug|Win32
		{C99C1891-0662-4D4C-A12B-54E7A5622B10}.Debug|x86.Build.0 = Debug|Win32
		{C99C1891-0662-4D4C-A12B-54E7A5622B10}.Release|x64.ActiveCfg = Release|x64
		{C99C1891-0662-4D4C-A12B-54E7A5622B10}.Release|x64.Build.0 = Release|x64
		{C99C1891-0662-4D4C-A12B-54E7A5622B10}.Release|x86.ActiveCfg = Release|Win32
		{C99C1891-0662-4D4C-A12B-54E7A5622B10}.Release|x86.Build.0 = Release|Win32
		{F3572F60-F569-44DA-8D16-17705CFC2395}.Debug|x64.ActiveCfg = Debug|x64
		{F3572F60-F569-44DA-8D16-17705CFC2395}.Debug|x64.Build.0 = Debug|x64
		{F3572F60-F569-44DA-8D16-17705CFC2395}.Debug|x86.ActiveCfg = Debug|Win32
		{F3572F60-F569-44DA-8D16-17705CFC2395}.Debug|x86.Build.0 = Debug|Win32
		{F3572F60-F569-44DA-8D16-17705CFC2395}.Release|x64.ActiveCfg = Release|x64
		{F3572F60-F569-44DA-8D16-17705CFC2395}.Release|x64.Build.0 = Release|x64
		{F3572F60-F569-44DA-8D16-17705CFC2395}.Release|x86.ActiveCfg = Release|Win32
		{F3572F60-F569-44DA-8D16-17705CFC2395}.Release|x86.Build.0 = Release|Win32
		{46AD644E-501A-4C44-A47D-349E2625C42F}.Debug|x64.ActiveCfg = Debug|x64
		{46AD644E-501A-4C44-A47D-349E2625C42F}.Debug|x64.Build.0 = Debug|x64
		{46AD644E-501A-4C44-A47D-349E2625C42F}.Debug|x86.ActiveCfg = Debug|Win32
		{46AD644E-501A-4C44-A47D-349E2625C42F}.Debug|x86.Build.0 = Debug|Win32
		{46AD644E-501A-4C44-A47D-349E2625C42F}.Release|x64.ActiveCfg = Release|x64
		{46AD644E-501A-4C44-A47D-349E2625C42F}.Release|x64.Build.0 = Release|x64
		{46AD644E-501A-4C44-A47D-349E2625C42F}.Release|x86.ActiveCfg = Release|Win32
		{46AD644E-501A-4C44-A47D-349E2625C42F}.Release|x86.Build.0 = Release|Win32
		{FCABB422-5397-465F-80F5-7568874539B5}.Debug|x64.ActiveCfg = Debug|x64
		{FCABB422-5397-465F-80F5-7568874539B5}.Debug|x64.Build.0 = Debug|x64
		{FCABB422-5397-465F-80F5-7568874539B5}.Debug|x86.ActiveCfg = Debug|Win32
		{FCABB422-5397-465F-80F5-7568874539B5}.Debug|x86.Build.0 = Debug|Win32
		{FCABB422-5397-465F-80F5-7568874539B5}.Release|x64.ActiveCfg = Release|x64
		{FCABB422-5397-465F-80F5-7568874539B5}.Release|x64.Build.0 = Release|x64
		{FCABB422-5397-465F-80F5-7568874539B5}.Release|x86.ActiveCfg = Release|Win32
		{FCABB422-5397-465F-80F5-7568874539B5}.Release|x86.Build.0 = Release|Win32
		{80C40E59-5F3D-432A-8F6D-63D14B2C5860}.Debug|x64.ActiveCfg = Debug|x64
		{80C40E59-5F3D-432A-8F6D-63D14B2C5860}.Debug|x64.Build.0 = Debug|x64
		{80C40E59-5F3D-432A-8F6D-63D14B2C5860}.Debug|x86.ActiveCfg = Debug|Win32
		{80C40E59-5F3D-432A-8F6D-63D14B2C5860}.Debug|x86.Build.0 = Debug|Win32
		{80C40E59-5F3D-432A-8F6D-63D14B2C5860}.Release|x64.ActiveCfg = Release|x64
		{80C40E59-5F3D-432A-8F6D-63D14B2C5860}.Release|x64.Build.0 = Release|x64
		{80C40E59-5F3D-432A-8F6D-63D14B2C5860}.Release|x86.ActiveCfg = Release|Win32
		{80C40E59-5F3D-432A-8F6D-63D14B2C5860}.Release|x86.Build.0 = Release|Win32
		{C1588EF2-AFB2-4C99-B662-AE1DA908BC42}.Debug|x64.ActiveCfg = Debug|x64
		{C1588EF2-AFB2-4C99-B662-AE1DA908BC42}.Debug|x64.Build.0 = Debug|x64
		{C1588EF2-AFB2-4C99-B662-AE1DA908BC42}.Debug|x86.ActiveCfg = Debug|Win32
		{C1588EF2-AFB2-4C99-B662-AE1DA908BC42}.Debug|x86.Build.0 = Debug|Win32
		{C1588EF2-AFB2-4C99-B662-AE1DA908BC42}.Release|x64.ActiveCfg = Release|x64
		{C1588EF2-AFB2-4C99-B662-AE1DA908BC42}.Release|x64.Build.0 = Release|x64
		{C1588EF2-AFB2-4C99-B662-AE1DA908BC42}.Release|x86.ActiveCfg = Release|Win32
		{C1588EF2-AFB2-4C99-B662-AE1DA908BC42}.Release|x86.Build.0 = Release|Win32
		{FF544A2D-7582-4D46-B71B-BBD3205C4FA4}.Debug|x64.ActiveCfg = Debug|x64
		{FF544A2D-7582-4D46-B71B-BBD3205C4FA4}.Debug|x64.Build.0 = Debug|x64
		{FF544A2D-7582-4D46-B71B-BBD3205C4FA4}.Debug|x86.ActiveCfg = Debug|Win32
		{FF544A2D-7582-4D46-B71B-BBD3205C4FA4}.Debug|x86.Build.0 = Debug|Win32
		{FF544A2D-7582-4D46-B71B-BBD3205C4FA4}.Release|x64.ActiveCfg = Release|x64
		{FF544A2D-7582-4D46-B71B-BBD3205C4FA4}.Release|x64.Build.0 = Release|x64
		{FF544A2D-7582-4D46-B71B-BBD3205C4FA4}.Release|x86.ActiveCfg = Release|Win32
		{FF544A2D-7582-4D46-B71B-BBD3205C4FA4}.Release|x86.Build.0 = Release|Win32
		{80907668-8BB3-429C-B117-043F7E9DB1D5}.Debug|x64.ActiveCfg = Debug|x64
		{80907668-8BB3-429C-B117-043F7E9DB1D5}.Debug|x64.Build.0 = Debug|x64
		{80907668-8BB3-429C-B117-043F7E9DB1D5}.Debug|x86.ActiveCfg = Debug|Win32
		{80907668-8BB3-429C-B117-043F7E9DB1D5}.Debug|x86.Build.0 = Debug|Win32
		{80907668-8BB3-429C-B117-043F7E9DB1D5}.Release|x64.ActiveCfg = Release|x64
		{80907668-8BB3-429C-B117-043F7E9DB1D5}.Release|x64.Build.0 = Release|x64
		{80907668-8BB3-429C-B117-043F7E9DB1D5}.Release|x86.ActiveCfg = Release|Win32
		{80907668-8BB3-429C-B117-043F7E9DB1D5}.Release|x86.Build.0 = Release|Win32
		{CBEC424D-95EF-4D1A-8E84-1F4D8145C4AE}.Debug|x64.ActiveCfg = Debug|x64
		{CBEC424D-95EF-4D1A-8E84-1F4D8145C4AE}.Debug|x64.Build.0 = Debug|x64
		{CBEC424D-95EF-4D1A-8E84-1F4D8145C4AE}.Debug|x86.ActiveCfg = Debug|Win32
		{CBEC424D-95EF-4D1A-8E84-1F4D8145C4AE}.Debug|x86.Build.0 = Debug|Win32
		{CBEC424D-95EF-4D1A-8E84-1F4D8145C4AE}.Release|x64.ActiveCfg = Release|x64
		{CBEC424D-95EF-4D1A-8E84-1F4D8145C4AE}.Release|x64.Build.0 = Release|x64
		{CBEC424D-95EF-4D1A-8E84-1F4D8145C4AE}.Release|x86.ActiveCfg = Release|Win32
		{CBEC424D-95EF-4D1A-8E84-1F4D8145C4AE}.Release|x86.Build.0 = Release|Win32
		{E027E5CB-5241-427E-A3C9-B11F6EAC2781}.Debug|x64.ActiveCfg = Debug|x64
		{E027E5CB-5241-427E-A3C9-B11F6EAC2781}.Debug|x64.Build.0 = Debug|x64
		{E027E5CB-5241-427E-A3C9-B11F6EAC2781}.Debug|x86.ActiveCfg = Debug|Win32
		{E027E5CB-5241-427E-A3C9-B11F6EAC2781}.Debug|x86.Build.0 = Debug|Win32
		{E027E5CB-5241-427E-A3C9-B11F6EAC2781}.Release|x64.ActiveCfg = Release|x64
		{E027E5CB-5241-427E-A3C9-B11F6EAC2781}.Release|x64.Build.0 = Release|x64
		{E027E5CB-5241-427E-A3C9-B11F6EAC2781}.Release|x86.ActiveCfg = Release|Win32
		{E027E5CB-5241-427E-A3C9-B11F6EAC2781}.Release|x86.Build.0 = Release|Win32
		{233DFF83-EE80-4D8D-AAFE-162F01905C48}.Debug|x64.ActiveCfg = Debug|x64
		{233DFF83-EE80-4D8D-AAFE-162F01905C48}.Debug|x64.Build.0 = Debug|x64
		{233DFF83-EE80-4D8D-AAFE-162F01905C48}.Debug|x86.ActiveCfg = Debug|Win32
		{233DFF83-EE80-4D8D-AAFE-162F01905C48}.Debug|x86.Build.0 = Debug|Win32
		{233DFF83-EE80-4D8D-AAFE-162F01905C48}.Release|x64.ActiveCfg = Release|x64
		{233DFF83-EE80-4D8D-AAFE-162F01905C48}.Release|x64.Build.0 = Release|x64
		{233DFF83-EE80-4D8D-AAFE-162F01905C48}.Release|x86.ActiveCfg = Release|Win32
		{233DFF83-EE80-4D8D-AAFE-162F01905C48}.Release|x86.Build.0 = Release|Win32
	EndGlobalSection
	GlobalSection(SolutionProperties) = preSolution
		HideSolutionNode = FALSE
	EndGlobalSection
	GlobalSection(ExtensibilityGlobals) = postSolution
		SolutionGuid = {E69491A1-67E3-4052-B842-5EBEDB949B18}
	EndGlobalSection
EndGlobal
